
Microsoft Visual Studio Solution File, Format Version 12.00
# Visual Studio Version 17
VisualStudioVersion = 17.1.32407.343
MinimumVisualStudioVersion = 10.0.40219.1
Project("{FAE04EC0-301F-11D3-BF4B-00C04F79EFBC}") = "BlogProjesi_Entity", "BlogProjesi_Entity\BlogProjesi_Entity.csproj", "{9BEFB033-C9D5-42F1-9F6B-AE92AC147BAF}"
EndProject
Global
	GlobalSection(SolutionConfigurationPlatforms) = preSolution
		Debug|Any CPU = Debug|Any CPU
		Release|Any CPU = Release|Any CPU
	EndGlobalSection
	GlobalSection(ProjectConfigurationPlatforms) = postSolution
		{9BEFB033-C9D5-42F1-9F6B-AE92AC147BAF}.Debug|Any CPU.ActiveCfg = Debug|Any CPU
		{9BEFB033-C9D5-42F1-9F6B-AE92AC147BAF}.Debug|Any CPU.Build.0 = Debug|Any CPU
		{9BEFB033-C9D5-42F1-9F6B-AE92AC147BAF}.Release|Any CPU.ActiveCfg = Release|Any CPU
		{9BEFB033-C9D5-42F1-9F6B-AE92AC147BAF}.Release|Any CPU.Build.0 = Release|Any CPU
	EndGlobalSection
	GlobalSection(SolutionProperties) = preSolution
		HideSolutionNode = FALSE
	EndGlobalSection
	GlobalSection(ExtensibilityGlobals) = postSolution
		SolutionGuid = {09E70E39-75A9-42BD-A170-2FA28C674D4E}
	EndGlobalSection
EndGlobal
